// !$*UTF8*$!
{
	archiveVersion = 1;
	classes = {
	};
	objectVersion = 56;
	objects = {

/* Begin PBXBuildFile section */
		011D25BC2BC82BD600FE5968 /* HomeViewController.swift in Sources */ = {isa = PBXBuildFile; fileRef = 011D25BA2BC82BD600FE5968 /* HomeViewController.swift */; };
		011D25BD2BC82BD600FE5968 /* HomeViewController.xib in Resources */ = {isa = PBXBuildFile; fileRef = 011D25BB2BC82BD600FE5968 /* HomeViewController.xib */; };
		015C74EA2BD1C96F00DCE451 /* UpcomingViewController.swift in Sources */ = {isa = PBXBuildFile; fileRef = 015C74E82BD1C96F00DCE451 /* UpcomingViewController.swift */; };
		015C74EB2BD1C96F00DCE451 /* UpcomingViewController.xib in Resources */ = {isa = PBXBuildFile; fileRef = 015C74E92BD1C96F00DCE451 /* UpcomingViewController.xib */; };
		015C74EE2BD1C99200DCE451 /* SearchViewController.swift in Sources */ = {isa = PBXBuildFile; fileRef = 015C74EC2BD1C99200DCE451 /* SearchViewController.swift */; };
		015C74EF2BD1C99200DCE451 /* SearchViewController.xib in Resources */ = {isa = PBXBuildFile; fileRef = 015C74ED2BD1C99200DCE451 /* SearchViewController.xib */; };
		015C74F22BD1C9AE00DCE451 /* DownloadsViewController.swift in Sources */ = {isa = PBXBuildFile; fileRef = 015C74F02BD1C9AE00DCE451 /* DownloadsViewController.swift */; };
		015C74F32BD1C9AE00DCE451 /* DownloadsViewController.xib in Resources */ = {isa = PBXBuildFile; fileRef = 015C74F12BD1C9AE00DCE451 /* DownloadsViewController.xib */; };
		015C74F52BD1C9E100DCE451 /* DownloadsViewModel.swift in Sources */ = {isa = PBXBuildFile; fileRef = 015C74F42BD1C9E100DCE451 /* DownloadsViewModel.swift */; };
		015C74F72BD1C9ED00DCE451 /* DownloadsCoordinator.swift in Sources */ = {isa = PBXBuildFile; fileRef = 015C74F62BD1C9ED00DCE451 /* DownloadsCoordinator.swift */; };
		015C74F92BD1CA1100DCE451 /* SearchViewModel.swift in Sources */ = {isa = PBXBuildFile; fileRef = 015C74F82BD1CA1100DCE451 /* SearchViewModel.swift */; };
		015C74FB2BD1CA1B00DCE451 /* SearchCoordinator.swift in Sources */ = {isa = PBXBuildFile; fileRef = 015C74FA2BD1CA1B00DCE451 /* SearchCoordinator.swift */; };
		015C74FD2BD1CA2F00DCE451 /* UpcomingViewModel.swift in Sources */ = {isa = PBXBuildFile; fileRef = 015C74FC2BD1CA2F00DCE451 /* UpcomingViewModel.swift */; };
		015C74FF2BD1CA3900DCE451 /* UpcomingCoordinator.swift in Sources */ = {isa = PBXBuildFile; fileRef = 015C74FE2BD1CA3900DCE451 /* UpcomingCoordinator.swift */; };
		015C75022BD1CD3100DCE451 /* TitlePreviewViewController.swift in Sources */ = {isa = PBXBuildFile; fileRef = 015C75002BD1CD3100DCE451 /* TitlePreviewViewController.swift */; };
		015C75032BD1CD3100DCE451 /* TitlePreviewViewController.xib in Resources */ = {isa = PBXBuildFile; fileRef = 015C75012BD1CD3100DCE451 /* TitlePreviewViewController.xib */; };
		015C75052BD1CD4000DCE451 /* TitlePreviewViewModel.swift in Sources */ = {isa = PBXBuildFile; fileRef = 015C75042BD1CD4000DCE451 /* TitlePreviewViewModel.swift */; };
		015C75072BD1CD4A00DCE451 /* TitlePreviewCoordinator.swift in Sources */ = {isa = PBXBuildFile; fileRef = 015C75062BD1CD4A00DCE451 /* TitlePreviewCoordinator.swift */; };
		015C750A2BD1DF1500DCE451 /* SearchResultsViewController.swift in Sources */ = {isa = PBXBuildFile; fileRef = 015C75082BD1DF1500DCE451 /* SearchResultsViewController.swift */; };
		015C750B2BD1DF1500DCE451 /* SearchResultsViewController.xib in Resources */ = {isa = PBXBuildFile; fileRef = 015C75092BD1DF1500DCE451 /* SearchResultsViewController.xib */; };
		015C750D2BD1DF2300DCE451 /* SearchResultsViewModel.swift in Sources */ = {isa = PBXBuildFile; fileRef = 015C750C2BD1DF2300DCE451 /* SearchResultsViewModel.swift */; };
		015C750F2BD1DF3300DCE451 /* SearchResultsCoordinator.swift in Sources */ = {isa = PBXBuildFile; fileRef = 015C750E2BD1DF3300DCE451 /* SearchResultsCoordinator.swift */; };
		01B5BE5D2B9C93B3007DC687 /* AppDelegate.swift in Sources */ = {isa = PBXBuildFile; fileRef = 01B5BE5C2B9C93B3007DC687 /* AppDelegate.swift */; };
		01B5BE5F2B9C93B3007DC687 /* SceneDelegate.swift in Sources */ = {isa = PBXBuildFile; fileRef = 01B5BE5E2B9C93B3007DC687 /* SceneDelegate.swift */; };
		01B5BE672B9C93B3007DC687 /* MVVM_C_Template_App.xcdatamodeld in Sources */ = {isa = PBXBuildFile; fileRef = 01B5BE652B9C93B3007DC687 /* MVVM_C_Template_App.xcdatamodeld */; };
		01B5BE692B9C93B5007DC687 /* Assets.xcassets in Resources */ = {isa = PBXBuildFile; fileRef = 01B5BE682B9C93B5007DC687 /* Assets.xcassets */; };
		01B5BE6C2B9C93B5007DC687 /* LaunchScreen.storyboard in Resources */ = {isa = PBXBuildFile; fileRef = 01B5BE6A2B9C93B5007DC687 /* LaunchScreen.storyboard */; };
		01B5BE852B9CB6E7007DC687 /* MainTabBarViewController.swift in Sources */ = {isa = PBXBuildFile; fileRef = 01B5BE842B9CB6E7007DC687 /* MainTabBarViewController.swift */; };
		01B5BE962B9CC87F007DC687 /* HomeModelView.swift in Sources */ = {isa = PBXBuildFile; fileRef = 01B5BE952B9CC87F007DC687 /* HomeModelView.swift */; };
		01B5BE982B9CC88E007DC687 /* HomeCoordinator.swift in Sources */ = {isa = PBXBuildFile; fileRef = 01B5BE972B9CC88E007DC687 /* HomeCoordinator.swift */; };
		01B5BE9F2B9CEA9C007DC687 /* Cache.swift in Sources */ = {isa = PBXBuildFile; fileRef = 01B5BE9E2B9CEA9C007DC687 /* Cache.swift */; };
		01B5BEA22B9D93AC007DC687 /* CollectionViewTableViewCell.swift in Sources */ = {isa = PBXBuildFile; fileRef = 01B5BEA12B9D93AC007DC687 /* CollectionViewTableViewCell.swift */; };
		01B5BEA42B9D93C5007DC687 /* TitleCollectionViewCell.swift in Sources */ = {isa = PBXBuildFile; fileRef = 01B5BEA32B9D93C5007DC687 /* TitleCollectionViewCell.swift */; };
		01B5BEA62B9D93DE007DC687 /* TitleTableViewCell.swift in Sources */ = {isa = PBXBuildFile; fileRef = 01B5BEA52B9D93DE007DC687 /* TitleTableViewCell.swift */; };
		01B5BEA92B9D9471007DC687 /* HeroHeaderView.swift in Sources */ = {isa = PBXBuildFile; fileRef = 01B5BEA82B9D9471007DC687 /* HeroHeaderView.swift */; };
		01B5BEAD2B9D9529007DC687 /* Title.swift in Sources */ = {isa = PBXBuildFile; fileRef = 01B5BEAC2B9D9529007DC687 /* Title.swift */; };
		01B5BEAF2B9D9548007DC687 /* YoutubeSearchResponse.swift in Sources */ = {isa = PBXBuildFile; fileRef = 01B5BEAE2B9D9548007DC687 /* YoutubeSearchResponse.swift */; };
		01B5BEB22B9D963F007DC687 /* TheMovieDB.swift in Sources */ = {isa = PBXBuildFile; fileRef = 01B5BEB12B9D963F007DC687 /* TheMovieDB.swift */; };
		01B5BEB42B9D9654007DC687 /* Youtube.swift in Sources */ = {isa = PBXBuildFile; fileRef = 01B5BEB32B9D9654007DC687 /* Youtube.swift */; };
		01B5BEB62B9D967B007DC687 /* DataPersistenceManager.swift in Sources */ = {isa = PBXBuildFile; fileRef = 01B5BEB52B9D967B007DC687 /* DataPersistenceManager.swift */; };
		01B5BEB82B9D9798007DC687 /* Constants.swift in Sources */ = {isa = PBXBuildFile; fileRef = 01B5BEB72B9D9798007DC687 /* Constants.swift */; };
		01B5BEBA2B9D97AF007DC687 /* Enums.swift in Sources */ = {isa = PBXBuildFile; fileRef = 01B5BEB92B9D97AF007DC687 /* Enums.swift */; };
		01B5BEBC2BA02AF2007DC687 /* HeroHeaderView.xib in Resources */ = {isa = PBXBuildFile; fileRef = 01B5BEBB2BA02AF2007DC687 /* HeroHeaderView.xib */; };
		01B5BEBE2BA02C6F007DC687 /* XibLoadable.swift in Sources */ = {isa = PBXBuildFile; fileRef = 01B5BEBD2BA02C6F007DC687 /* XibLoadable.swift */; };
		01B5BEC12BA03042007DC687 /* MyView.swift in Sources */ = {isa = PBXBuildFile; fileRef = 01B5BEC02BA03042007DC687 /* MyView.swift */; };
/* End PBXBuildFile section */

/* Begin PBXFileReference section */
		011D25BA2BC82BD600FE5968 /* HomeViewController.swift */ = {isa = PBXFileReference; lastKnownFileType = sourcecode.swift; path = HomeViewController.swift; sourceTree = "<group>"; };
		011D25BB2BC82BD600FE5968 /* HomeViewController.xib */ = {isa = PBXFileReference; lastKnownFileType = file.xib; path = HomeViewController.xib; sourceTree = "<group>"; };
		015C74E82BD1C96F00DCE451 /* UpcomingViewController.swift */ = {isa = PBXFileReference; lastKnownFileType = sourcecode.swift; path = UpcomingViewController.swift; sourceTree = "<group>"; };
		015C74E92BD1C96F00DCE451 /* UpcomingViewController.xib */ = {isa = PBXFileReference; lastKnownFileType = file.xib; path = UpcomingViewController.xib; sourceTree = "<group>"; };
		015C74EC2BD1C99200DCE451 /* SearchViewController.swift */ = {isa = PBXFileReference; lastKnownFileType = sourcecode.swift; path = SearchViewController.swift; sourceTree = "<group>"; };
		015C74ED2BD1C99200DCE451 /* SearchViewController.xib */ = {isa = PBXFileReference; lastKnownFileType = file.xib; path = SearchViewController.xib; sourceTree = "<group>"; };
		015C74F02BD1C9AE00DCE451 /* DownloadsViewController.swift */ = {isa = PBXFileReference; lastKnownFileType = sourcecode.swift; path = DownloadsViewController.swift; sourceTree = "<group>"; };
		015C74F12BD1C9AE00DCE451 /* DownloadsViewController.xib */ = {isa = PBXFileReference; lastKnownFileType = file.xib; path = DownloadsViewController.xib; sourceTree = "<group>"; };
		015C74F42BD1C9E100DCE451 /* DownloadsViewModel.swift */ = {isa = PBXFileReference; lastKnownFileType = sourcecode.swift; path = DownloadsViewModel.swift; sourceTree = "<group>"; };
		015C74F62BD1C9ED00DCE451 /* DownloadsCoordinator.swift */ = {isa = PBXFileReference; lastKnownFileType = sourcecode.swift; path = DownloadsCoordinator.swift; sourceTree = "<group>"; };
		015C74F82BD1CA1100DCE451 /* SearchViewModel.swift */ = {isa = PBXFileReference; lastKnownFileType = sourcecode.swift; path = SearchViewModel.swift; sourceTree = "<group>"; };
		015C74FA2BD1CA1B00DCE451 /* SearchCoordinator.swift */ = {isa = PBXFileReference; lastKnownFileType = sourcecode.swift; path = SearchCoordinator.swift; sourceTree = "<group>"; };
		015C74FC2BD1CA2F00DCE451 /* UpcomingViewModel.swift */ = {isa = PBXFileReference; lastKnownFileType = sourcecode.swift; path = UpcomingViewModel.swift; sourceTree = "<group>"; };
		015C74FE2BD1CA3900DCE451 /* UpcomingCoordinator.swift */ = {isa = PBXFileReference; lastKnownFileType = sourcecode.swift; path = UpcomingCoordinator.swift; sourceTree = "<group>"; };
		015C75002BD1CD3100DCE451 /* TitlePreviewViewController.swift */ = {isa = PBXFileReference; lastKnownFileType = sourcecode.swift; path = TitlePreviewViewController.swift; sourceTree = "<group>"; };
		015C75012BD1CD3100DCE451 /* TitlePreviewViewController.xib */ = {isa = PBXFileReference; lastKnownFileType = file.xib; path = TitlePreviewViewController.xib; sourceTree = "<group>"; };
		015C75042BD1CD4000DCE451 /* TitlePreviewViewModel.swift */ = {isa = PBXFileReference; lastKnownFileType = sourcecode.swift; path = TitlePreviewViewModel.swift; sourceTree = "<group>"; };
		015C75062BD1CD4A00DCE451 /* TitlePreviewCoordinator.swift */ = {isa = PBXFileReference; lastKnownFileType = sourcecode.swift; path = TitlePreviewCoordinator.swift; sourceTree = "<group>"; };
		015C75082BD1DF1500DCE451 /* SearchResultsViewController.swift */ = {isa = PBXFileReference; lastKnownFileType = sourcecode.swift; path = SearchResultsViewController.swift; sourceTree = "<group>"; };
		015C75092BD1DF1500DCE451 /* SearchResultsViewController.xib */ = {isa = PBXFileReference; lastKnownFileType = file.xib; path = SearchResultsViewController.xib; sourceTree = "<group>"; };
		015C750C2BD1DF2300DCE451 /* SearchResultsViewModel.swift */ = {isa = PBXFileReference; lastKnownFileType = sourcecode.swift; path = SearchResultsViewModel.swift; sourceTree = "<group>"; };
		015C750E2BD1DF3300DCE451 /* SearchResultsCoordinator.swift */ = {isa = PBXFileReference; lastKnownFileType = sourcecode.swift; path = SearchResultsCoordinator.swift; sourceTree = "<group>"; };
		01B5BE592B9C93B3007DC687 /* MVVM-C-Template-App.app */ = {isa = PBXFileReference; explicitFileType = wrapper.application; includeInIndex = 0; path = "MVVM-C-Template-App.app"; sourceTree = BUILT_PRODUCTS_DIR; };
		01B5BE5C2B9C93B3007DC687 /* AppDelegate.swift */ = {isa = PBXFileReference; lastKnownFileType = sourcecode.swift; path = AppDelegate.swift; sourceTree = "<group>"; };
		01B5BE5E2B9C93B3007DC687 /* SceneDelegate.swift */ = {isa = PBXFileReference; lastKnownFileType = sourcecode.swift; path = SceneDelegate.swift; sourceTree = "<group>"; };
		01B5BE662B9C93B3007DC687 /* MVVM_C_Template_App.xcdatamodel */ = {isa = PBXFileReference; lastKnownFileType = wrapper.xcdatamodel; path = MVVM_C_Template_App.xcdatamodel; sourceTree = "<group>"; };
		01B5BE682B9C93B5007DC687 /* Assets.xcassets */ = {isa = PBXFileReference; lastKnownFileType = folder.assetcatalog; path = Assets.xcassets; sourceTree = "<group>"; };
		01B5BE6B2B9C93B5007DC687 /* Base */ = {isa = PBXFileReference; lastKnownFileType = file.storyboard; name = Base; path = Base.lproj/LaunchScreen.storyboard; sourceTree = "<group>"; };
		01B5BE6D2B9C93B5007DC687 /* Info.plist */ = {isa = PBXFileReference; lastKnownFileType = text.plist.xml; path = Info.plist; sourceTree = "<group>"; };
		01B5BE842B9CB6E7007DC687 /* MainTabBarViewController.swift */ = {isa = PBXFileReference; lastKnownFileType = sourcecode.swift; path = MainTabBarViewController.swift; sourceTree = "<group>"; };
		01B5BE952B9CC87F007DC687 /* HomeModelView.swift */ = {isa = PBXFileReference; lastKnownFileType = sourcecode.swift; path = HomeModelView.swift; sourceTree = "<group>"; };
		01B5BE972B9CC88E007DC687 /* HomeCoordinator.swift */ = {isa = PBXFileReference; lastKnownFileType = sourcecode.swift; path = HomeCoordinator.swift; sourceTree = "<group>"; };
		01B5BE9E2B9CEA9C007DC687 /* Cache.swift */ = {isa = PBXFileReference; lastKnownFileType = sourcecode.swift; path = Cache.swift; sourceTree = "<group>"; };
		01B5BEA12B9D93AC007DC687 /* CollectionViewTableViewCell.swift */ = {isa = PBXFileReference; lastKnownFileType = sourcecode.swift; path = CollectionViewTableViewCell.swift; sourceTree = "<group>"; };
		01B5BEA32B9D93C5007DC687 /* TitleCollectionViewCell.swift */ = {isa = PBXFileReference; lastKnownFileType = sourcecode.swift; path = TitleCollectionViewCell.swift; sourceTree = "<group>"; };
		01B5BEA52B9D93DE007DC687 /* TitleTableViewCell.swift */ = {isa = PBXFileReference; lastKnownFileType = sourcecode.swift; path = TitleTableViewCell.swift; sourceTree = "<group>"; };
		01B5BEA82B9D9471007DC687 /* HeroHeaderView.swift */ = {isa = PBXFileReference; lastKnownFileType = sourcecode.swift; path = HeroHeaderView.swift; sourceTree = "<group>"; };
		01B5BEAC2B9D9529007DC687 /* Title.swift */ = {isa = PBXFileReference; lastKnownFileType = sourcecode.swift; path = Title.swift; sourceTree = "<group>"; };
		01B5BEAE2B9D9548007DC687 /* YoutubeSearchResponse.swift */ = {isa = PBXFileReference; lastKnownFileType = sourcecode.swift; path = YoutubeSearchResponse.swift; sourceTree = "<group>"; };
		01B5BEB12B9D963F007DC687 /* TheMovieDB.swift */ = {isa = PBXFileReference; lastKnownFileType = sourcecode.swift; path = TheMovieDB.swift; sourceTree = "<group>"; };
		01B5BEB32B9D9654007DC687 /* Youtube.swift */ = {isa = PBXFileReference; lastKnownFileType = sourcecode.swift; path = Youtube.swift; sourceTree = "<group>"; };
		01B5BEB52B9D967B007DC687 /* DataPersistenceManager.swift */ = {isa = PBXFileReference; lastKnownFileType = sourcecode.swift; path = DataPersistenceManager.swift; sourceTree = "<group>"; };
		01B5BEB72B9D9798007DC687 /* Constants.swift */ = {isa = PBXFileReference; lastKnownFileType = sourcecode.swift; path = Constants.swift; sourceTree = "<group>"; };
		01B5BEB92B9D97AF007DC687 /* Enums.swift */ = {isa = PBXFileReference; lastKnownFileType = sourcecode.swift; path = Enums.swift; sourceTree = "<group>"; };
		01B5BEBB2BA02AF2007DC687 /* HeroHeaderView.xib */ = {isa = PBXFileReference; lastKnownFileType = file.xib; path = HeroHeaderView.xib; sourceTree = "<group>"; };
		01B5BEBD2BA02C6F007DC687 /* XibLoadable.swift */ = {isa = PBXFileReference; lastKnownFileType = sourcecode.swift; path = XibLoadable.swift; sourceTree = "<group>"; };
		01B5BEC02BA03042007DC687 /* MyView.swift */ = {isa = PBXFileReference; lastKnownFileType = sourcecode.swift; path = MyView.swift; sourceTree = "<group>"; };
/* End PBXFileReference section */

/* Begin PBXFrameworksBuildPhase section */
		01B5BE562B9C93B3007DC687 /* Frameworks */ = {
			isa = PBXFrameworksBuildPhase;
			buildActionMask = 2147483647;
			files = (
			);
			runOnlyForDeploymentPostprocessing = 0;
		};
/* End PBXFrameworksBuildPhase section */

/* Begin PBXGroup section */
		01B5BE502B9C93B2007DC687 = {
			isa = PBXGroup;
			children = (
				01B5BE5B2B9C93B3007DC687 /* MVVM-C-Template-App */,
				01B5BE5A2B9C93B3007DC687 /* Products */,
			);
			sourceTree = "<group>";
		};
		01B5BE5A2B9C93B3007DC687 /* Products */ = {
			isa = PBXGroup;
			children = (
				01B5BE592B9C93B3007DC687 /* MVVM-C-Template-App.app */,
			);
			name = Products;
			sourceTree = "<group>";
		};
		01B5BE5B2B9C93B3007DC687 /* MVVM-C-Template-App */ = {
			isa = PBXGroup;
			children = (
				01B5BE5C2B9C93B3007DC687 /* AppDelegate.swift */,
				01B5BE5E2B9C93B3007DC687 /* SceneDelegate.swift */,
				01B5BE6D2B9C93B5007DC687 /* Info.plist */,
				01B5BE6A2B9C93B5007DC687 /* LaunchScreen.storyboard */,
				01B5BEAA2B9D94E8007DC687 /* Resources */,
				01B5BE9B2B9CEA48007DC687 /* Utils */,
				01B5BE902B9CC4FD007DC687 /* BaseProtocols */,
				01B5BE9D2B9CEA8F007DC687 /* Common */,
				01B5BEB02B9D962F007DC687 /* Managers */,
				01B5BEA72B9D9460007DC687 /* Views */,
				01B5BEA02B9D9350007DC687 /* Cells */,
				01B5BEAB2B9D9510007DC687 /* Models */,
				01B5BE732B9C950A007DC687 /* Scenes */,
			);
			path = "MVVM-C-Template-App";
			sourceTree = "<group>";
		};
		01B5BE732B9C950A007DC687 /* Scenes */ = {
			isa = PBXGroup;
			children = (
				01B5BE842B9CB6E7007DC687 /* MainTabBarViewController.swift */,
				01B5BE752B9C9587007DC687 /* General */,
				01B5BE742B9C9571007DC687 /* Core */,
			);
			path = Scenes;
			sourceTree = "<group>";
		};
		01B5BE742B9C9571007DC687 /* Core */ = {
			isa = PBXGroup;
			children = (
				01B5BE792B9C95AF007DC687 /* Home */,
				01B5BE762B9C9593007DC687 /* Upcoming */,
				01B5BE772B9C95A0007DC687 /* Search */,
				01B5BE782B9C95AB007DC687 /* Downloads */,
			);
			path = Core;
			sourceTree = "<group>";
		};
		01B5BE752B9C9587007DC687 /* General */ = {
			isa = PBXGroup;
			children = (
				01B5BE7B2B9C95BE007DC687 /* TitlePreview */,
				01B5BE7A2B9C95B7007DC687 /* SearchResult */,
			);
			path = General;
			sourceTree = "<group>";
		};
		01B5BE762B9C9593007DC687 /* Upcoming */ = {
			isa = PBXGroup;
			children = (
				015C74E92BD1C96F00DCE451 /* UpcomingViewController.xib */,
				015C74E82BD1C96F00DCE451 /* UpcomingViewController.swift */,
				015C74FC2BD1CA2F00DCE451 /* UpcomingViewModel.swift */,
				015C74FE2BD1CA3900DCE451 /* UpcomingCoordinator.swift */,
			);
			path = Upcoming;
			sourceTree = "<group>";
		};
		01B5BE772B9C95A0007DC687 /* Search */ = {
			isa = PBXGroup;
			children = (
				015C74ED2BD1C99200DCE451 /* SearchViewController.xib */,
				015C74EC2BD1C99200DCE451 /* SearchViewController.swift */,
				015C74F82BD1CA1100DCE451 /* SearchViewModel.swift */,
				015C74FA2BD1CA1B00DCE451 /* SearchCoordinator.swift */,
			);
			path = Search;
			sourceTree = "<group>";
		};
		01B5BE782B9C95AB007DC687 /* Downloads */ = {
			isa = PBXGroup;
			children = (
				015C74F12BD1C9AE00DCE451 /* DownloadsViewController.xib */,
				015C74F02BD1C9AE00DCE451 /* DownloadsViewController.swift */,
				015C74F42BD1C9E100DCE451 /* DownloadsViewModel.swift */,
				015C74F62BD1C9ED00DCE451 /* DownloadsCoordinator.swift */,
			);
			path = Downloads;
			sourceTree = "<group>";
		};
		01B5BE792B9C95AF007DC687 /* Home */ = {
			isa = PBXGroup;
			children = (
				011D25BB2BC82BD600FE5968 /* HomeViewController.xib */,
				011D25BA2BC82BD600FE5968 /* HomeViewController.swift */,
				01B5BE952B9CC87F007DC687 /* HomeModelView.swift */,
				01B5BE972B9CC88E007DC687 /* HomeCoordinator.swift */,
			);
			path = Home;
			sourceTree = "<group>";
		};
		01B5BE7A2B9C95B7007DC687 /* SearchResult */ = {
			isa = PBXGroup;
			children = (
				015C75092BD1DF1500DCE451 /* SearchResultsViewController.xib */,
				015C75082BD1DF1500DCE451 /* SearchResultsViewController.swift */,
				015C750C2BD1DF2300DCE451 /* SearchResultsViewModel.swift */,
				015C750E2BD1DF3300DCE451 /* SearchResultsCoordinator.swift */,
			);
			path = SearchResult;
			sourceTree = "<group>";
		};
		01B5BE7B2B9C95BE007DC687 /* TitlePreview */ = {
			isa = PBXGroup;
			children = (
				015C75012BD1CD3100DCE451 /* TitlePreviewViewController.xib */,
				015C75002BD1CD3100DCE451 /* TitlePreviewViewController.swift */,
				015C75042BD1CD4000DCE451 /* TitlePreviewViewModel.swift */,
				015C75062BD1CD4A00DCE451 /* TitlePreviewCoordinator.swift */,
			);
			path = TitlePreview;
			sourceTree = "<group>";
		};
		01B5BE902B9CC4FD007DC687 /* BaseProtocols */ = {
			isa = PBXGroup;
			children = (
				01B5BEBD2BA02C6F007DC687 /* XibLoadable.swift */,
			);
			path = BaseProtocols;
			sourceTree = "<group>";
		};
		01B5BE9B2B9CEA48007DC687 /* Utils */ = {
			isa = PBXGroup;
			children = (
				01B5BE9C2B9CEA51007DC687 /* Extensions */,
				01B5BEB72B9D9798007DC687 /* Constants.swift */,
				01B5BEB92B9D97AF007DC687 /* Enums.swift */,
			);
			path = Utils;
			sourceTree = "<group>";
		};
		01B5BE9C2B9CEA51007DC687 /* Extensions */ = {
			isa = PBXGroup;
			children = (
			);
			path = Extensions;
			sourceTree = "<group>";
		};
		01B5BE9D2B9CEA8F007DC687 /* Common */ = {
			isa = PBXGroup;
			children = (
				01B5BEBF2BA03031007DC687 /* Examples */,
				01B5BE9E2B9CEA9C007DC687 /* Cache.swift */,
			);
			path = Common;
			sourceTree = "<group>";
		};
		01B5BEA02B9D9350007DC687 /* Cells */ = {
			isa = PBXGroup;
			children = (
				01B5BEA12B9D93AC007DC687 /* CollectionViewTableViewCell.swift */,
				01B5BEA32B9D93C5007DC687 /* TitleCollectionViewCell.swift */,
				01B5BEA52B9D93DE007DC687 /* TitleTableViewCell.swift */,
			);
			path = Cells;
			sourceTree = "<group>";
		};
		01B5BEA72B9D9460007DC687 /* Views */ = {
			isa = PBXGroup;
			children = (
				01B5BEBB2BA02AF2007DC687 /* HeroHeaderView.xib */,
				01B5BEA82B9D9471007DC687 /* HeroHeaderView.swift */,
			);
			path = Views;
			sourceTree = "<group>";
		};
		01B5BEAA2B9D94E8007DC687 /* Resources */ = {
			isa = PBXGroup;
			children = (
				01B5BE682B9C93B5007DC687 /* Assets.xcassets */,
				01B5BE652B9C93B3007DC687 /* MVVM_C_Template_App.xcdatamodeld */,
			);
			path = Resources;
			sourceTree = "<group>";
		};
		01B5BEAB2B9D9510007DC687 /* Models */ = {
			isa = PBXGroup;
			children = (
				01B5BEAC2B9D9529007DC687 /* Title.swift */,
				01B5BEAE2B9D9548007DC687 /* YoutubeSearchResponse.swift */,
			);
			path = Models;
			sourceTree = "<group>";
		};
		01B5BEB02B9D962F007DC687 /* Managers */ = {
			isa = PBXGroup;
			children = (
				01B5BEB12B9D963F007DC687 /* TheMovieDB.swift */,
				01B5BEB32B9D9654007DC687 /* Youtube.swift */,
				01B5BEB52B9D967B007DC687 /* DataPersistenceManager.swift */,
			);
			path = Managers;
			sourceTree = "<group>";
		};
		01B5BEBF2BA03031007DC687 /* Examples */ = {
			isa = PBXGroup;
			children = (
				01B5BEC02BA03042007DC687 /* MyView.swift */,
			);
			path = Examples;
			sourceTree = "<group>";
		};
/* End PBXGroup section */

/* Begin PBXNativeTarget section */
		01B5BE582B9C93B3007DC687 /* MVVM-C-Template-App */ = {
			isa = PBXNativeTarget;
			buildConfigurationList = 01B5BE702B9C93B5007DC687 /* Build configuration list for PBXNativeTarget "MVVM-C-Template-App" */;
			buildPhases = (
				01B5BE552B9C93B3007DC687 /* Sources */,
				01B5BE562B9C93B3007DC687 /* Frameworks */,
				01B5BE572B9C93B3007DC687 /* Resources */,
			);
			buildRules = (
			);
			dependencies = (
			);
			name = "MVVM-C-Template-App";
			productName = "MVVM-C-Template-App";
			productReference = 01B5BE592B9C93B3007DC687 /* MVVM-C-Template-App.app */;
			productType = "com.apple.product-type.application";
		};
/* End PBXNativeTarget section */

/* Begin PBXProject section */
		01B5BE512B9C93B2007DC687 /* Project object */ = {
			isa = PBXProject;
			attributes = {
				BuildIndependentTargetsInParallel = 1;
				LastSwiftUpdateCheck = 1520;
				LastUpgradeCheck = 1520;
				TargetAttributes = {
					01B5BE582B9C93B3007DC687 = {
						CreatedOnToolsVersion = 15.2;
					};
				};
			};
			buildConfigurationList = 01B5BE542B9C93B2007DC687 /* Build configuration list for PBXProject "MVVM-C-Template-App" */;
			compatibilityVersion = "Xcode 14.0";
			developmentRegion = en;
			hasScannedForEncodings = 0;
			knownRegions = (
				en,
				Base,
			);
			mainGroup = 01B5BE502B9C93B2007DC687;
			productRefGroup = 01B5BE5A2B9C93B3007DC687 /* Products */;
			projectDirPath = "";
			projectRoot = "";
			targets = (
				01B5BE582B9C93B3007DC687 /* MVVM-C-Template-App */,
			);
		};
/* End PBXProject section */

/* Begin PBXResourcesBuildPhase section */
		01B5BE572B9C93B3007DC687 /* Resources */ = {
			isa = PBXResourcesBuildPhase;
			buildActionMask = 2147483647;
			files = (
				01B5BE6C2B9C93B5007DC687 /* LaunchScreen.storyboard in Resources */,
				015C74F32BD1C9AE00DCE451 /* DownloadsViewController.xib in Resources */,
				015C75032BD1CD3100DCE451 /* TitlePreviewViewController.xib in Resources */,
				01B5BE692B9C93B5007DC687 /* Assets.xcassets in Resources */,
				015C74EB2BD1C96F00DCE451 /* UpcomingViewController.xib in Resources */,
				015C750B2BD1DF1500DCE451 /* SearchResultsViewController.xib in Resources */,
				01B5BEBC2BA02AF2007DC687 /* HeroHeaderView.xib in Resources */,
				011D25BD2BC82BD600FE5968 /* HomeViewController.xib in Resources */,
				015C74EF2BD1C99200DCE451 /* SearchViewController.xib in Resources */,
			);
			runOnlyForDeploymentPostprocessing = 0;
		};
/* End PBXResourcesBuildPhase section */

/* Begin PBXSourcesBuildPhase section */
		01B5BE552B9C93B3007DC687 /* Sources */ = {
			isa = PBXSourcesBuildPhase;
			buildActionMask = 2147483647;
			files = (
				015C75022BD1CD3100DCE451 /* TitlePreviewViewController.swift in Sources */,
				015C750A2BD1DF1500DCE451 /* SearchResultsViewController.swift in Sources */,
				015C74FD2BD1CA2F00DCE451 /* UpcomingViewModel.swift in Sources */,
				015C74F72BD1C9ED00DCE451 /* DownloadsCoordinator.swift in Sources */,
				015C750D2BD1DF2300DCE451 /* SearchResultsViewModel.swift in Sources */,
				015C74EA2BD1C96F00DCE451 /* UpcomingViewController.swift in Sources */,
				011D25BC2BC82BD600FE5968 /* HomeViewController.swift in Sources */,
				015C74F22BD1C9AE00DCE451 /* DownloadsViewController.swift in Sources */,
				015C75052BD1CD4000DCE451 /* TitlePreviewViewModel.swift in Sources */,
				015C750F2BD1DF3300DCE451 /* SearchResultsCoordinator.swift in Sources */,
				01B5BE9F2B9CEA9C007DC687 /* Cache.swift in Sources */,
				015C74F52BD1C9E100DCE451 /* DownloadsViewModel.swift in Sources */,
				01B5BEA42B9D93C5007DC687 /* TitleCollectionViewCell.swift in Sources */,
				01B5BEBA2B9D97AF007DC687 /* Enums.swift in Sources */,
				01B5BEC12BA03042007DC687 /* MyView.swift in Sources */,
				01B5BEA92B9D9471007DC687 /* HeroHeaderView.swift in Sources */,
				01B5BEBE2BA02C6F007DC687 /* XibLoadable.swift in Sources */,
				01B5BEAD2B9D9529007DC687 /* Title.swift in Sources */,
				01B5BEA62B9D93DE007DC687 /* TitleTableViewCell.swift in Sources */,
				01B5BEAF2B9D9548007DC687 /* YoutubeSearchResponse.swift in Sources */,
				015C75072BD1CD4A00DCE451 /* TitlePreviewCoordinator.swift in Sources */,
				01B5BEA22B9D93AC007DC687 /* CollectionViewTableViewCell.swift in Sources */,
				01B5BEB62B9D967B007DC687 /* DataPersistenceManager.swift in Sources */,
				01B5BEB22B9D963F007DC687 /* TheMovieDB.swift in Sources */,
				01B5BE982B9CC88E007DC687 /* HomeCoordinator.swift in Sources */,
				01B5BE962B9CC87F007DC687 /* HomeModelView.swift in Sources */,
				015C74FF2BD1CA3900DCE451 /* UpcomingCoordinator.swift in Sources */,
				01B5BE852B9CB6E7007DC687 /* MainTabBarViewController.swift in Sources */,
				015C74FB2BD1CA1B00DCE451 /* SearchCoordinator.swift in Sources */,
				015C74EE2BD1C99200DCE451 /* SearchViewController.swift in Sources */,
				01B5BE5D2B9C93B3007DC687 /* AppDelegate.swift in Sources */,
				01B5BE672B9C93B3007DC687 /* MVVM_C_Template_App.xcdatamodeld in Sources */,
				01B5BE5F2B9C93B3007DC687 /* SceneDelegate.swift in Sources */,
				015C74F92BD1CA1100DCE451 /* SearchViewModel.swift in Sources */,
				01B5BEB42B9D9654007DC687 /* Youtube.swift in Sources */,
				01B5BEB82B9D9798007DC687 /* Constants.swift in Sources */,
			);
			runOnlyForDeploymentPostprocessing = 0;
		};
/* End PBXSourcesBuildPhase section */

/* Begin PBXVariantGroup section */
		01B5BE6A2B9C93B5007DC687 /* LaunchScreen.storyboard */ = {
			isa = PBXVariantGroup;
			children = (
				01B5BE6B2B9C93B5007DC687 /* Base */,
			);
			name = LaunchScreen.storyboard;
			sourceTree = "<group>";
		};
/* End PBXVariantGroup section */

/* Begin XCBuildConfiguration section */
		01B5BE6E2B9C93B5007DC687 /* Debug */ = {
			isa = XCBuildConfiguration;
			buildSettings = {
				ALWAYS_SEARCH_USER_PATHS = NO;
				ASSETCATALOG_COMPILER_GENERATE_SWIFT_ASSET_SYMBOL_EXTENSIONS = YES;
				CLANG_ANALYZER_NONNULL = YES;
				CLANG_ANALYZER_NUMBER_OBJECT_CONVERSION = YES_AGGRESSIVE;
				CLANG_CXX_LANGUAGE_STANDARD = "gnu++20";
				CLANG_ENABLE_MODULES = YES;
				CLANG_ENABLE_OBJC_ARC = YES;
				CLANG_ENABLE_OBJC_WEAK = YES;
				CLANG_WARN_BLOCK_CAPTURE_AUTORELEASING = YES;
				CLANG_WARN_BOOL_CONVERSION = YES;
				CLANG_WARN_COMMA = YES;
				CLANG_WARN_CONSTANT_CONVERSION = YES;
				CLANG_WARN_DEPRECATED_OBJC_IMPLEMENTATIONS = YES;
				CLANG_WARN_DIRECT_OBJC_ISA_USAGE = YES_ERROR;
				CLANG_WARN_DOCUMENTATION_COMMENTS = YES;
				CLANG_WARN_EMPTY_BODY = YES;
				CLANG_WARN_ENUM_CONVERSION = YES;
				CLANG_WARN_INFINITE_RECURSION = YES;
				CLANG_WARN_INT_CONVERSION = YES;
				CLANG_WARN_NON_LITERAL_NULL_CONVERSION = YES;
				CLANG_WARN_OBJC_IMPLICIT_RETAIN_SELF = YES;
				CLANG_WARN_OBJC_LITERAL_CONVERSION = YES;
				CLANG_WARN_OBJC_ROOT_CLASS = YES_ERROR;
				CLANG_WARN_QUOTED_INCLUDE_IN_FRAMEWORK_HEADER = YES;
				CLANG_WARN_RANGE_LOOP_ANALYSIS = YES;
				CLANG_WARN_STRICT_PROTOTYPES = YES;
				CLANG_WARN_SUSPICIOUS_MOVE = YES;
				CLANG_WARN_UNGUARDED_AVAILABILITY = YES_AGGRESSIVE;
				CLANG_WARN_UNREACHABLE_CODE = YES;
				CLANG_WARN__DUPLICATE_METHOD_MATCH = YES;
				COPY_PHASE_STRIP = NO;
				DEBUG_INFORMATION_FORMAT = dwarf;
				ENABLE_STRICT_OBJC_MSGSEND = YES;
				ENABLE_TESTABILITY = YES;
				ENABLE_USER_SCRIPT_SANDBOXING = YES;
				GCC_C_LANGUAGE_STANDARD = gnu17;
				GCC_DYNAMIC_NO_PIC = NO;
				GCC_NO_COMMON_BLOCKS = YES;
				GCC_OPTIMIZATION_LEVEL = 0;
				GCC_PREPROCESSOR_DEFINITIONS = (
					"DEBUG=1",
					"$(inherited)",
				);
				GCC_WARN_64_TO_32_BIT_CONVERSION = YES;
				GCC_WARN_ABOUT_RETURN_TYPE = YES_ERROR;
				GCC_WARN_UNDECLARED_SELECTOR = YES;
				GCC_WARN_UNINITIALIZED_AUTOS = YES_AGGRESSIVE;
				GCC_WARN_UNUSED_FUNCTION = YES;
				GCC_WARN_UNUSED_VARIABLE = YES;
				IPHONEOS_DEPLOYMENT_TARGET = 17.2;
				LOCALIZATION_PREFERS_STRING_CATALOGS = YES;
				MTL_ENABLE_DEBUG_INFO = INCLUDE_SOURCE;
				MTL_FAST_MATH = YES;
				ONLY_ACTIVE_ARCH = YES;
				SDKROOT = iphoneos;
				SWIFT_ACTIVE_COMPILATION_CONDITIONS = "DEBUG $(inherited)";
				SWIFT_OPTIMIZATION_LEVEL = "-Onone";
			};
			name = Debug;
		};
		01B5BE6F2B9C93B5007DC687 /* Release */ = {
			isa = XCBuildConfiguration;
			buildSettings = {
				ALWAYS_SEARCH_USER_PATHS = NO;
				ASSETCATALOG_COMPILER_GENERATE_SWIFT_ASSET_SYMBOL_EXTENSIONS = YES;
				CLANG_ANALYZER_NONNULL = YES;
				CLANG_ANALYZER_NUMBER_OBJECT_CONVERSION = YES_AGGRESSIVE;
				CLANG_CXX_LANGUAGE_STANDARD = "gnu++20";
				CLANG_ENABLE_MODULES = YES;
				CLANG_ENABLE_OBJC_ARC = YES;
				CLANG_ENABLE_OBJC_WEAK = YES;
				CLANG_WARN_BLOCK_CAPTURE_AUTORELEASING = YES;
				CLANG_WARN_BOOL_CONVERSION = YES;
				CLANG_WARN_COMMA = YES;
				CLANG_WARN_CONSTANT_CONVERSION = YES;
				CLANG_WARN_DEPRECATED_OBJC_IMPLEMENTATIONS = YES;
				CLANG_WARN_DIRECT_OBJC_ISA_USAGE = YES_ERROR;
				CLANG_WARN_DOCUMENTATION_COMMENTS = YES;
				CLANG_WARN_EMPTY_BODY = YES;
				CLANG_WARN_ENUM_CONVERSION = YES;
				CLANG_WARN_INFINITE_RECURSION = YES;
				CLANG_WARN_INT_CONVERSION = YES;
				CLANG_WARN_NON_LITERAL_NULL_CONVERSION = YES;
				CLANG_WARN_OBJC_IMPLICIT_RETAIN_SELF = YES;
				CLANG_WARN_OBJC_LITERAL_CONVERSION = YES;
				CLANG_WARN_OBJC_ROOT_CLASS = YES_ERROR;
				CLANG_WARN_QUOTED_INCLUDE_IN_FRAMEWORK_HEADER = YES;
				CLANG_WARN_RANGE_LOOP_ANALYSIS = YES;
				CLANG_WARN_STRICT_PROTOTYPES = YES;
				CLANG_WARN_SUSPICIOUS_MOVE = YES;
				CLANG_WARN_UNGUARDED_AVAILABILITY = YES_AGGRESSIVE;
				CLANG_WARN_UNREACHABLE_CODE = YES;
				CLANG_WARN__DUPLICATE_METHOD_MATCH = YES;
				COPY_PHASE_STRIP = NO;
				DEBUG_INFORMATION_FORMAT = "dwarf-with-dsym";
				ENABLE_NS_ASSERTIONS = NO;
				ENABLE_STRICT_OBJC_MSGSEND = YES;
				ENABLE_USER_SCRIPT_SANDBOXING = YES;
				GCC_C_LANGUAGE_STANDARD = gnu17;
				GCC_NO_COMMON_BLOCKS = YES;
				GCC_WARN_64_TO_32_BIT_CONVERSION = YES;
				GCC_WARN_ABOUT_RETURN_TYPE = YES_ERROR;
				GCC_WARN_UNDECLARED_SELECTOR = YES;
				GCC_WARN_UNINITIALIZED_AUTOS = YES_AGGRESSIVE;
				GCC_WARN_UNUSED_FUNCTION = YES;
				GCC_WARN_UNUSED_VARIABLE = YES;
				IPHONEOS_DEPLOYMENT_TARGET = 17.2;
				LOCALIZATION_PREFERS_STRING_CATALOGS = YES;
				MTL_ENABLE_DEBUG_INFO = NO;
				MTL_FAST_MATH = YES;
				SDKROOT = iphoneos;
				SWIFT_COMPILATION_MODE = wholemodule;
				VALIDATE_PRODUCT = YES;
			};
			name = Release;
		};
		01B5BE712B9C93B5007DC687 /* Debug */ = {
			isa = XCBuildConfiguration;
			buildSettings = {
				ASSETCATALOG_COMPILER_APPICON_NAME = AppIcon;
				ASSETCATALOG_COMPILER_GLOBAL_ACCENT_COLOR_NAME = AccentColor;
				CODE_SIGN_STYLE = Automatic;
				CURRENT_PROJECT_VERSION = 1;
				DEVELOPMENT_TEAM = 5W7NN8L4T3;
				GENERATE_INFOPLIST_FILE = YES;
				INFOPLIST_FILE = "MVVM-C-Template-App/Info.plist";
				INFOPLIST_KEY_UIApplicationSupportsIndirectInputEvents = YES;
				INFOPLIST_KEY_UILaunchStoryboardName = LaunchScreen;
				INFOPLIST_KEY_UISupportedInterfaceOrientations_iPad = "UIInterfaceOrientationPortrait UIInterfaceOrientationPortraitUpsideDown UIInterfaceOrientationLandscapeLeft UIInterfaceOrientationLandscapeRight";
				INFOPLIST_KEY_UISupportedInterfaceOrientations_iPhone = "UIInterfaceOrientationPortrait UIInterfaceOrientationLandscapeLeft UIInterfaceOrientationLandscapeRight";
				LD_RUNPATH_SEARCH_PATHS = (
					"$(inherited)",
					"@executable_path/Frameworks",
				);
				MARKETING_VERSION = 1.0;
				PRODUCT_BUNDLE_IDENTIFIER = "com.yilmaz.edis.MVVM-C-Template-App";
				PRODUCT_NAME = "$(TARGET_NAME)";
				SWIFT_EMIT_LOC_STRINGS = YES;
				SWIFT_VERSION = 5.0;
				TARGETED_DEVICE_FAMILY = "1,2";
			};
			name = Debug;
		};
		01B5BE722B9C93B5007DC687 /* Release */ = {
			isa = XCBuildConfiguration;
			buildSettings = {
				ASSETCATALOG_COMPILER_APPICON_NAME = AppIcon;
				ASSETCATALOG_COMPILER_GLOBAL_ACCENT_COLOR_NAME = AccentColor;
				CODE_SIGN_STYLE = Automatic;
				CURRENT_PROJECT_VERSION = 1;
				DEVELOPMENT_TEAM = 5W7NN8L4T3;
				GENERATE_INFOPLIST_FILE = YES;
				INFOPLIST_FILE = "MVVM-C-Template-App/Info.plist";
				INFOPLIST_KEY_UIApplicationSupportsIndirectInputEvents = YES;
				INFOPLIST_KEY_UILaunchStoryboardName = LaunchScreen;
				INFOPLIST_KEY_UISupportedInterfaceOrientations_iPad = "UIInterfaceOrientationPortrait UIInterfaceOrientationPortraitUpsideDown UIInterfaceOrientationLandscapeLeft UIInterfaceOrientationLandscapeRight";
				INFOPLIST_KEY_UISupportedInterfaceOrientations_iPhone = "UIInterfaceOrientationPortrait UIInterfaceOrientationLandscapeLeft UIInterfaceOrientationLandscapeRight";
				LD_RUNPATH_SEARCH_PATHS = (
					"$(inherited)",
					"@executable_path/Frameworks",
				);
				MARKETING_VERSION = 1.0;
				PRODUCT_BUNDLE_IDENTIFIER = "com.yilmaz.edis.MVVM-C-Template-App";
				PRODUCT_NAME = "$(TARGET_NAME)";
				SWIFT_EMIT_LOC_STRINGS = YES;
				SWIFT_VERSION = 5.0;
				TARGETED_DEVICE_FAMILY = "1,2";
			};
			name = Release;
		};
/* End XCBuildConfiguration section */

/* Begin XCConfigurationList section */
		01B5BE542B9C93B2007DC687 /* Build configuration list for PBXProject "MVVM-C-Template-App" */ = {
			isa = XCConfigurationList;
			buildConfigurations = (
				01B5BE6E2B9C93B5007DC687 /* Debug */,
				01B5BE6F2B9C93B5007DC687 /* Release */,
			);
			defaultConfigurationIsVisible = 0;
			defaultConfigurationName = Release;
		};
		01B5BE702B9C93B5007DC687 /* Build configuration list for PBXNativeTarget "MVVM-C-Template-App" */ = {
			isa = XCConfigurationList;
			buildConfigurations = (
				01B5BE712B9C93B5007DC687 /* Debug */,
				01B5BE722B9C93B5007DC687 /* Release */,
			);
			defaultConfigurationIsVisible = 0;
			defaultConfigurationName = Release;
		};
/* End XCConfigurationList section */

/* Begin XCVersionGroup section */
		01B5BE652B9C93B3007DC687 /* MVVM_C_Template_App.xcdatamodeld */ = {
			isa = XCVersionGroup;
			children = (
				01B5BE662B9C93B3007DC687 /* MVVM_C_Template_App.xcdatamodel */,
			);
			currentVersion = 01B5BE662B9C93B3007DC687 /* MVVM_C_Template_App.xcdatamodel */;
			path = MVVM_C_Template_App.xcdatamodeld;
			sourceTree = "<group>";
			versionGroupType = wrapper.xcdatamodel;
		};
/* End XCVersionGroup section */
	};
	rootObject = 01B5BE512B9C93B2007DC687 /* Project object */;
}
